
Microsoft Visual Studio Solution File, Format Version 12.00
# Visual Studio 15
VisualStudioVersion = 15.0.27428.2027
MinimumVisualStudioVersion = 10.0.40219.1
Project("{FAE04EC0-301F-11D3-BF4B-00C04F79EFBC}") = "Biblioteca", "Biblioteca\Biblioteca.csproj", "{2D6BD194-CFDD-46DE-9E4D-869522DD878D}"
EndProject
Global
	GlobalSection(SolutionConfigurationPlatforms) = preSolution
		Debug|Any CPU = Debug|Any CPU
		Release|Any CPU = Release|Any CPU
	EndGlobalSection
	GlobalSection(ProjectConfigurationPlatforms) = postSolution
		{2D6BD194-CFDD-46DE-9E4D-869522DD878D}.Debug|Any CPU.ActiveCfg = Debug|Any CPU
		{2D6BD194-CFDD-46DE-9E4D-869522DD878D}.Debug|Any CPU.Build.0 = Debug|Any CPU
		{2D6BD194-CFDD-46DE-9E4D-869522DD878D}.Release|Any CPU.ActiveCfg = Release|Any CPU
		{2D6BD194-CFDD-46DE-9E4D-869522DD878D}.Release|Any CPU.Build.0 = Release|Any CPU
	EndGlobalSection
	GlobalSection(SolutionProperties) = preSolution
		HideSolutionNode = FALSE
	EndGlobalSection
	GlobalSection(ExtensibilityGlobals) = postSolution
		SolutionGuid = {CEAFE07C-68ED-4AAB-AA01-62943AC0F128}
	EndGlobalSection
EndGlobal
